
Microsoft Visual Studio Solution File, Format Version 12.00
# Visual Studio Version 16
VisualStudioVersion = 16.0.31624.102
MinimumVisualStudioVersion = 10.0.40219.1
Project("{FAE04EC0-301F-11D3-BF4B-00C04F79EFBC}") = "FirstSQL", "FirstSQL.csproj", "{A960A443-53DC-4210-AD7E-9CFFAFCCEF25}"
EndProject
Global
	GlobalSection(SolutionConfigurationPlatforms) = preSolution
		Debug|Any CPU = Debug|Any CPU
		Release|Any CPU = Release|Any CPU
	EndGlobalSection
	GlobalSection(ProjectConfigurationPlatforms) = postSolution
		{A960A443-53DC-4210-AD7E-9CFFAFCCEF25}.Debug|Any CPU.ActiveCfg = Debug|Any CPU
		{A960A443-53DC-4210-AD7E-9CFFAFCCEF25}.Debug|Any CPU.Build.0 = Debug|Any CPU
		{A960A443-53DC-4210-AD7E-9CFFAFCCEF25}.Release|Any CPU.ActiveCfg = Release|Any CPU
		{A960A443-53DC-4210-AD7E-9CFFAFCCEF25}.Release|Any CPU.Build.0 = Release|Any CPU
	EndGlobalSection
	GlobalSection(SolutionProperties) = preSolution
		HideSolutionNode = FALSE
	EndGlobalSection
	GlobalSection(ExtensibilityGlobals) = postSolution
		SolutionGuid = {344F1030-B24B-416E-8A47-F3DF054977E6}
	EndGlobalSection
EndGlobal
